
Microsoft Visual Studio Solution File, Format Version 12.00
# Visual Studio Version 16
VisualStudioVersion = 16.0.30204.135
MinimumVisualStudioVersion = 10.0.40219.1
Project("{FAE04EC0-301F-11D3-BF4B-00C04F79EFBC}") = "Contacts_ADO.NET", "Contacts_ADO.NET\Contacts_ADO.NET.csproj", "{D00AB453-15C5-4FA8-B83C-FF42B2F9DD4A}"
EndProject
Global
	GlobalSection(SolutionConfigurationPlatforms) = preSolution
		Debug|Any CPU = Debug|Any CPU
		Release|Any CPU = Release|Any CPU
	EndGlobalSection
	GlobalSection(ProjectConfigurationPlatforms) = postSolution
		{D00AB453-15C5-4FA8-B83C-FF42B2F9DD4A}.Debug|Any CPU.ActiveCfg = Debug|Any CPU
		{D00AB453-15C5-4FA8-B83C-FF42B2F9DD4A}.Debug|Any CPU.Build.0 = Debug|Any CPU
		{D00AB453-15C5-4FA8-B83C-FF42B2F9DD4A}.Release|Any CPU.ActiveCfg = Release|Any CPU
		{D00AB453-15C5-4FA8-B83C-FF42B2F9DD4A}.Release|Any CPU.Build.0 = Release|Any CPU
	EndGlobalSection
	GlobalSection(SolutionProperties) = preSolution
		HideSolutionNode = FALSE
	EndGlobalSection
	GlobalSection(ExtensibilityGlobals) = postSolution
		SolutionGuid = {4EF2D0CB-D7FE-4CA9-9628-1636B60F6B79}
	EndGlobalSection
EndGlobal
